
Microsoft Visual Studio Solution File, Format Version 12.00
# Visual Studio 2017
Project("{FAE04EC0-301F-11D3-BF4B-00C04F79EFBC}") = "ColorBlindDemo", "ColorBlindDemo.csproj", "{06A6F0EA-5B01-6EE6-6918-DE3CAD3B092C}"
EndProject
Project("{FAE04EC0-301F-11D3-BF4B-00C04F79EFBC}") = "ColorBlindDemo.Editor", "ColorBlindDemo.Editor.csproj", "{10CB567F-B431-5AD1-E307-35E2726175AE}"
EndProject
Global
	GlobalSection(SolutionConfigurationPlatforms) = preSolution
		Debug|Any CPU = Debug|Any CPU
		Release|Any CPU = Release|Any CPU
	EndGlobalSection
	GlobalSection(ProjectConfigurationPlatforms) = postSolution
		{06A6F0EA-5B01-6EE6-6918-DE3CAD3B092C}.Debug|Any CPU.ActiveCfg = Debug|Any CPU
		{06A6F0EA-5B01-6EE6-6918-DE3CAD3B092C}.Debug|Any CPU.Build.0 = Debug|Any CPU
		{06A6F0EA-5B01-6EE6-6918-DE3CAD3B092C}.Release|Any CPU.ActiveCfg = Release|Any CPU
		{06A6F0EA-5B01-6EE6-6918-DE3CAD3B092C}.Release|Any CPU.Build.0 = Release|Any CPU
		{10CB567F-B431-5AD1-E307-35E2726175AE}.Debug|Any CPU.ActiveCfg = Debug|Any CPU
		{10CB567F-B431-5AD1-E307-35E2726175AE}.Debug|Any CPU.Build.0 = Debug|Any CPU
		{10CB567F-B431-5AD1-E307-35E2726175AE}.Release|Any CPU.ActiveCfg = Release|Any CPU
		{10CB567F-B431-5AD1-E307-35E2726175AE}.Release|Any CPU.Build.0 = Release|Any CPU
	EndGlobalSection
	GlobalSection(SolutionProperties) = preSolution
		HideSolutionNode = FALSE
	EndGlobalSection
EndGlobal
